
Microsoft Visual Studio Solution File, Format Version 12.00
# Visual Studio Version 17
VisualStudioVersion = 17.10.35027.167
MinimumVisualStudioVersion = 10.0.40219.1
Project("{FAE04EC0-301F-11D3-BF4B-00C04F79EFBC}") = "Inheritance", "Inheritance\Inheritance.csproj", "{CE4831E6-8243-4814-BFB3-FB9D5EFBB9AA}"
EndProject
Global
	GlobalSection(SolutionConfigurationPlatforms) = preSolution
		Debug|Any CPU = Debug|Any CPU
		Release|Any CPU = Release|Any CPU
	EndGlobalSection
	GlobalSection(ProjectConfigurationPlatforms) = postSolution
		{CE4831E6-8243-4814-BFB3-FB9D5EFBB9AA}.Debug|Any CPU.ActiveCfg = Debug|Any CPU
		{CE4831E6-8243-4814-BFB3-FB9D5EFBB9AA}.Debug|Any CPU.Build.0 = Debug|Any CPU
		{CE4831E6-8243-4814-BFB3-FB9D5EFBB9AA}.Release|Any CPU.ActiveCfg = Release|Any CPU
		{CE4831E6-8243-4814-BFB3-FB9D5EFBB9AA}.Release|Any CPU.Build.0 = Release|Any CPU
	EndGlobalSection
	GlobalSection(SolutionProperties) = preSolution
		HideSolutionNode = FALSE
	EndGlobalSection
	GlobalSection(ExtensibilityGlobals) = postSolution
		SolutionGuid = {257C36C1-BCC5-4E73-9E7F-1ED66E981DD9}
	EndGlobalSection
EndGlobal
